// !$*UTF8*$!
{
	archiveVersion = 1;
	classes = {
	};
	objectVersion = 46;
	objects = {

/* Begin PBXBuildFile section */
		86A1D75A193E4E1B00DEFF49 /* AppDelegate.swift in Sources */ = {isa = PBXBuildFile; fileRef = 86A1D759193E4E1B00DEFF49 /* AppDelegate.swift */; };
		86A1D75D193E4E1B00DEFF49 /* LGSwift.xcdatamodeld in Sources */ = {isa = PBXBuildFile; fileRef = 86A1D75B193E4E1B00DEFF49 /* LGSwift.xcdatamodeld */; };
		86A1D75F193E4E1B00DEFF49 /* Images.xcassets in Resources */ = {isa = PBXBuildFile; fileRef = 86A1D75E193E4E1B00DEFF49 /* Images.xcassets */; };
		86A1D76B193E4E1B00DEFF49 /* LGSwiftTests.swift in Sources */ = {isa = PBXBuildFile; fileRef = 86A1D76A193E4E1B00DEFF49 /* LGSwiftTests.swift */; };
/* End PBXBuildFile section */

/* Begin PBXContainerItemProxy section */
		86A1D765193E4E1B00DEFF49 /* PBXContainerItemProxy */ = {
			isa = PBXContainerItemProxy;
			containerPortal = 86A1D74C193E4E1B00DEFF49 /* Project object */;
			proxyType = 1;
			remoteGlobalIDString = 86A1D753193E4E1B00DEFF49;
			remoteInfo = LGSwift;
		};
/* End PBXContainerItemProxy section */

/* Begin PBXFileReference section */
		86A1D754193E4E1B00DEFF49 /* LGSwift.app */ = {isa = PBXFileReference; explicitFileType = wrapper.application; includeInIndex = 0; path = LGSwift.app; sourceTree = BUILT_PRODUCTS_DIR; };
		86A1D758193E4E1B00DEFF49 /* Info.plist */ = {isa = PBXFileReference; lastKnownFileType = text.plist.xml; path = Info.plist; sourceTree = "<group>"; };
		86A1D759193E4E1B00DEFF49 /* AppDelegate.swift */ = {isa = PBXFileReference; lastKnownFileType = sourcecode.swift; path = AppDelegate.swift; sourceTree = "<group>"; };
		86A1D75C193E4E1B00DEFF49 /* LGSwift.xcdatamodel */ = {isa = PBXFileReference; lastKnownFileType = wrapper.xcdatamodel; path = LGSwift.xcdatamodel; sourceTree = "<group>"; };
		86A1D75E193E4E1B00DEFF49 /* Images.xcassets */ = {isa = PBXFileReference; lastKnownFileType = folder.assetcatalog; path = Images.xcassets; sourceTree = "<group>"; };
		86A1D764193E4E1B00DEFF49 /* LGSwiftTests.xctest */ = {isa = PBXFileReference; explicitFileType = wrapper.cfbundle; includeInIndex = 0; path = LGSwiftTests.xctest; sourceTree = BUILT_PRODUCTS_DIR; };
		86A1D769193E4E1B00DEFF49 /* Info.plist */ = {isa = PBXFileReference; lastKnownFileType = text.plist.xml; path = Info.plist; sourceTree = "<group>"; };
		86A1D76A193E4E1B00DEFF49 /* LGSwiftTests.swift */ = {isa = PBXFileReference; lastKnownFileType = sourcecode.swift; path = LGSwiftTests.swift; sourceTree = "<group>"; };
/* End PBXFileReference section */

/* Begin PBXFrameworksBuildPhase section */
		86A1D751193E4E1B00DEFF49 /* Frameworks */ = {
			isa = PBXFrameworksBuildPhase;
			buildActionMask = 2147483647;
			files = (
			);
			runOnlyForDeploymentPostprocessing = 0;
		};
		86A1D761193E4E1B00DEFF49 /* Frameworks */ = {
			isa = PBXFrameworksBuildPhase;
			buildActionMask = 2147483647;
			files = (
			);
			runOnlyForDeploymentPostprocessing = 0;
		};
/* End PBXFrameworksBuildPhase section */

/* Begin PBXGroup section */
		86A1D74B193E4E1B00DEFF49 = {
			isa = PBXGroup;
			children = (
				86A1D756193E4E1B00DEFF49 /* LGSwift */,
				86A1D767193E4E1B00DEFF49 /* LGSwiftTests */,
				86A1D755193E4E1B00DEFF49 /* Products */,
			);
			sourceTree = "<group>";
		};
		86A1D755193E4E1B00DEFF49 /* Products */ = {
			isa = PBXGroup;
			children = (
				86A1D754193E4E1B00DEFF49 /* LGSwift.app */,
				86A1D764193E4E1B00DEFF49 /* LGSwiftTests.xctest */,
			);
			name = Products;
			sourceTree = "<group>";
		};
		86A1D756193E4E1B00DEFF49 /* LGSwift */ = {
			isa = PBXGroup;
			children = (
				86A1D759193E4E1B00DEFF49 /* AppDelegate.swift */,
				86A1D75E193E4E1B00DEFF49 /* Images.xcassets */,
				86A1D75B193E4E1B00DEFF49 /* LGSwift.xcdatamodeld */,
				86A1D757193E4E1B00DEFF49 /* Supporting Files */,
			);
			path = LGSwift;
			sourceTree = "<group>";
		};
		86A1D757193E4E1B00DEFF49 /* Supporting Files */ = {
			isa = PBXGroup;
			children = (
				86A1D758193E4E1B00DEFF49 /* Info.plist */,
			);
			name = "Supporting Files";
			sourceTree = "<group>";
		};
		86A1D767193E4E1B00DEFF49 /* LGSwiftTests */ = {
			isa = PBXGroup;
			children = (
				86A1D76A193E4E1B00DEFF49 /* LGSwiftTests.swift */,
				86A1D768193E4E1B00DEFF49 /* Supporting Files */,
			);
			path = LGSwiftTests;
			sourceTree = "<group>";
		};
		86A1D768193E4E1B00DEFF49 /* Supporting Files */ = {
			isa = PBXGroup;
			children = (
				86A1D769193E4E1B00DEFF49 /* Info.plist */,
			);
			name = "Supporting Files";
			sourceTree = "<group>";
		};
/* End PBXGroup section */

/* Begin PBXNativeTarget section */
		86A1D753193E4E1B00DEFF49 /* LGSwift */ = {
			isa = PBXNativeTarget;
			buildConfigurationList = 86A1D76E193E4E1B00DEFF49 /* Build configuration list for PBXNativeTarget "LGSwift" */;
			buildPhases = (
				86A1D750193E4E1B00DEFF49 /* Sources */,
				86A1D751193E4E1B00DEFF49 /* Frameworks */,
				86A1D752193E4E1B00DEFF49 /* Resources */,
			);
			buildRules = (
			);
			dependencies = (
			);
			name = LGSwift;
			productName = LGSwift;
			productReference = 86A1D754193E4E1B00DEFF49 /* LGSwift.app */;
			productType = "com.apple.product-type.application";
		};
		86A1D763193E4E1B00DEFF49 /* LGSwiftTests */ = {
			isa = PBXNativeTarget;
			buildConfigurationList = 86A1D771193E4E1B00DEFF49 /* Build configuration list for PBXNativeTarget "LGSwiftTests" */;
			buildPhases = (
				86A1D760193E4E1B00DEFF49 /* Sources */,
				86A1D761193E4E1B00DEFF49 /* Frameworks */,
				86A1D762193E4E1B00DEFF49 /* Resources */,
			);
			buildRules = (
			);
			dependencies = (
				86A1D766193E4E1B00DEFF49 /* PBXTargetDependency */,
			);
			name = LGSwiftTests;
			productName = LGSwiftTests;
			productReference = 86A1D764193E4E1B00DEFF49 /* LGSwiftTests.xctest */;
			productType = "com.apple.product-type.bundle.unit-test";
		};
/* End PBXNativeTarget section */

/* Begin PBXProject section */
		86A1D74C193E4E1B00DEFF49 /* Project object */ = {
			isa = PBXProject;
			attributes = {
				LastUpgradeCheck = 0600;
				ORGANIZATIONNAME = WeddingWire;
				TargetAttributes = {
					86A1D753193E4E1B00DEFF49 = {
						CreatedOnToolsVersion = 6.0;
					};
					86A1D763193E4E1B00DEFF49 = {
						CreatedOnToolsVersion = 6.0;
						TestTargetID = 86A1D753193E4E1B00DEFF49;
					};
				};
			};
			buildConfigurationList = 86A1D74F193E4E1B00DEFF49 /* Build configuration list for PBXProject "LGSwift" */;
			compatibilityVersion = "Xcode 3.2";
			developmentRegion = English;
			hasScannedForEncodings = 0;
			knownRegions = (
				en,
			);
			mainGroup = 86A1D74B193E4E1B00DEFF49;
			productRefGroup = 86A1D755193E4E1B00DEFF49 /* Products */;
			projectDirPath = "";
			projectRoot = "";
			targets = (
				86A1D753193E4E1B00DEFF49 /* LGSwift */,
				86A1D763193E4E1B00DEFF49 /* LGSwiftTests */,
			);
		};
/* End PBXProject section */

/* Begin PBXResourcesBuildPhase section */
		86A1D752193E4E1B00DEFF49 /* Resources */ = {
			isa = PBXResourcesBuildPhase;
			buildActionMask = 2147483647;
			files = (
				86A1D75F193E4E1B00DEFF49 /* Images.xcassets in Resources */,
			);
			runOnlyForDeploymentPostprocessing = 0;
		};
		86A1D762193E4E1B00DEFF49 /* Resources */ = {
			isa = PBXResourcesBuildPhase;
			buildActionMask = 2147483647;
			files = (
			);
			runOnlyForDeploymentPostprocessing = 0;
		};
/* End PBXResourcesBuildPhase section */

/* Begin PBXSourcesBuildPhase section */
		86A1D750193E4E1B00DEFF49 /* Sources */ = {
			isa = PBXSourcesBuildPhase;
			buildActionMask = 2147483647;
			files = (
				86A1D75D193E4E1B00DEFF49 /* LGSwift.xcdatamodeld in Sources */,
				86A1D75A193E4E1B00DEFF49 /* AppDelegate.swift in Sources */,
			);
			runOnlyForDeploymentPostprocessing = 0;
		};
		86A1D760193E4E1B00DEFF49 /* Sources */ = {
			isa = PBXSourcesBuildPhase;
			buildActionMask = 2147483647;
			files = (
				86A1D76B193E4E1B00DEFF49 /* LGSwiftTests.swift in Sources */,
			);
			runOnlyForDeploymentPostprocessing = 0;
		};
/* End PBXSourcesBuildPhase section */

/* Begin PBXTargetDependency section */
		86A1D766193E4E1B00DEFF49 /* PBXTargetDependency */ = {
			isa = PBXTargetDependency;
			target = 86A1D753193E4E1B00DEFF49 /* LGSwift */;
			targetProxy = 86A1D765193E4E1B00DEFF49 /* PBXContainerItemProxy */;
		};
/* End PBXTargetDependency section */

/* Begin XCBuildConfiguration section */
		86A1D76C193E4E1B00DEFF49 /* Debug */ = {
			isa = XCBuildConfiguration;
			buildSettings = {
				ALWAYS_SEARCH_USER_PATHS = NO;
				CLANG_CXX_LANGUAGE_STANDARD = "gnu++0x";
				CLANG_CXX_LIBRARY = "libc++";
				CLANG_ENABLE_MODULES = YES;
				CLANG_ENABLE_OBJC_ARC = YES;
				CLANG_WARN_BOOL_CONVERSION = YES;
				CLANG_WARN_CONSTANT_CONVERSION = YES;
				CLANG_WARN_DIRECT_OBJC_ISA_USAGE = YES_ERROR;
				CLANG_WARN_EMPTY_BODY = YES;
				CLANG_WARN_ENUM_CONVERSION = YES;
				CLANG_WARN_INT_CONVERSION = YES;
				CLANG_WARN_OBJC_ROOT_CLASS = YES_ERROR;
				CLANG_WARN_UNREACHABLE_CODE = YES;
				CLANG_WARN__DUPLICATE_METHOD_MATCH = YES;
				"CODE_SIGN_IDENTITY[sdk=iphoneos*]" = "iPhone Developer";
				COPY_PHASE_STRIP = NO;
				ENABLE_STRICT_OBJC_MSGSEND = YES;
				GCC_C_LANGUAGE_STANDARD = gnu99;
				GCC_DYNAMIC_NO_PIC = NO;
				GCC_OPTIMIZATION_LEVEL = 0;
				GCC_PREPROCESSOR_DEFINITIONS = (
					"DEBUG=1",
					"$(inherited)",
				);
				GCC_SYMBOLS_PRIVATE_EXTERN = NO;
				GCC_WARN_64_TO_32_BIT_CONVERSION = YES;
				GCC_WARN_ABOUT_RETURN_TYPE = YES_ERROR;
				GCC_WARN_UNDECLARED_SELECTOR = YES;
				GCC_WARN_UNINITIALIZED_AUTOS = YES_AGGRESSIVE;
				GCC_WARN_UNUSED_FUNCTION = YES;
				GCC_WARN_UNUSED_VARIABLE = YES;
				IPHONEOS_DEPLOYMENT_TARGET = 8.0;
				METAL_ENABLE_DEBUG_INFO = YES;
				ONLY_ACTIVE_ARCH = YES;
				SDKROOT = iphoneos;
				SWIFT_OPTIMIZATION_LEVEL = "-Onone";
			};
			name = Debug;
		};
		86A1D76D193E4E1B00DEFF49 /* Release */ = {
			isa = XCBuildConfiguration;
			buildSettings = {
				ALWAYS_SEARCH_USER_PATHS = NO;
				CLANG_CXX_LANGUAGE_STANDARD = "gnu++0x";
				CLANG_CXX_LIBRARY = "libc++";
				CLANG_ENABLE_MODULES = YES;
				CLANG_ENABLE_OBJC_ARC = YES;
				CLANG_WARN_BOOL_CONVERSION = YES;
				CLANG_WARN_CONSTANT_CONVERSION = YES;
				CLANG_WARN_DIRECT_OBJC_ISA_USAGE = YES_ERROR;
				CLANG_WARN_EMPTY_BODY = YES;
				CLANG_WARN_ENUM_CONVERSION = YES;
				CLANG_WARN_INT_CONVERSION = YES;
				CLANG_WARN_OBJC_ROOT_CLASS = YES_ERROR;
				CLANG_WARN_UNREACHABLE_CODE = YES;
				CLANG_WARN__DUPLICATE_METHOD_MATCH = YES;
				"CODE_SIGN_IDENTITY[sdk=iphoneos*]" = "iPhone Developer";
				COPY_PHASE_STRIP = YES;
				ENABLE_NS_ASSERTIONS = NO;
				ENABLE_STRICT_OBJC_MSGSEND = YES;
				GCC_C_LANGUAGE_STANDARD = gnu99;
				GCC_WARN_64_TO_32_BIT_CONVERSION = YES;
				GCC_WARN_ABOUT_RETURN_TYPE = YES_ERROR;
				GCC_WARN_UNDECLARED_SELECTOR = YES;
				GCC_WARN_UNINITIALIZED_AUTOS = YES_AGGRESSIVE;
				GCC_WARN_UNUSED_FUNCTION = YES;
				GCC_WARN_UNUSED_VARIABLE = YES;
				IPHONEOS_DEPLOYMENT_TARGET = 8.0;
				METAL_ENABLE_DEBUG_INFO = NO;
				SDKROOT = iphoneos;
				VALIDATE_PRODUCT = YES;
			};
			name = Release;
		};
		86A1D76F193E4E1B00DEFF49 /* Debug */ = {
			isa = XCBuildConfiguration;
			buildSettings = {
				ASSETCATALOG_COMPILER_APPICON_NAME = AppIcon;
				ASSETCATALOG_COMPILER_LAUNCHIMAGE_NAME = LaunchImage;
				INFOPLIST_FILE = LGSwift/Info.plist;
				LD_RUNPATH_SEARCH_PATHS = "$(inherited) @executable_path/Frameworks";
				PRODUCT_NAME = "$(TARGET_NAME)";
			};
			name = Debug;
		};
		86A1D770193E4E1B00DEFF49 /* Release */ = {
			isa = XCBuildConfiguration;
			buildSettings = {
				ASSETCATALOG_COMPILER_APPICON_NAME = AppIcon;
				ASSETCATALOG_COMPILER_LAUNCHIMAGE_NAME = LaunchImage;
				INFOPLIST_FILE = LGSwift/Info.plist;
				LD_RUNPATH_SEARCH_PATHS = "$(inherited) @executable_path/Frameworks";
				PRODUCT_NAME = "$(TARGET_NAME)";
			};
			name = Release;
		};
		86A1D772193E4E1B00DEFF49 /* Debug */ = {
			isa = XCBuildConfiguration;
			buildSettings = {
				BUNDLE_LOADER = "$(BUILT_PRODUCTS_DIR)/LGSwift.app/LGSwift";
				FRAMEWORK_SEARCH_PATHS = (
					"$(SDKROOT)/Developer/Library/Frameworks",
					"$(inherited)",
				);
				GCC_PREPROCESSOR_DEFINITIONS = (
					"DEBUG=1",
					"$(inherited)",
				);
				INFOPLIST_FILE = LGSwiftTests/Info.plist;
				LD_RUNPATH_SEARCH_PATHS = "$(inherited) @executable_path/Frameworks @loader_path/Frameworks";
				METAL_ENABLE_DEBUG_INFO = YES;
				PRODUCT_NAME = "$(TARGET_NAME)";
				TEST_HOST = "$(BUNDLE_LOADER)";
			};
			name = Debug;
		};
		86A1D773193E4E1B00DEFF49 /* Release */ = {
			isa = XCBuildConfiguration;
			buildSettings = {
				BUNDLE_LOADER = "$(BUILT_PRODUCTS_DIR)/LGSwift.app/LGSwift";
				FRAMEWORK_SEARCH_PATHS = (
					"$(SDKROOT)/Developer/Library/Frameworks",
					"$(inherited)",
				);
				INFOPLIST_FILE = LGSwiftTests/Info.plist;
				LD_RUNPATH_SEARCH_PATHS = "$(inherited) @executable_path/Frameworks @loader_path/Frameworks";
				METAL_ENABLE_DEBUG_INFO = NO;
				PRODUCT_NAME = "$(TARGET_NAME)";
				TEST_HOST = "$(BUNDLE_LOADER)";
			};
			name = Release;
		};
/* End XCBuildConfiguration section */

/* Begin XCConfigurationList section */
		86A1D74F193E4E1B00DEFF49 /* Build configuration list for PBXProject "LGSwift" */ = {
			isa = XCConfigurationList;
			buildConfigurations = (
				86A1D76C193E4E1B00DEFF49 /* Debug */,
				86A1D76D193E4E1B00DEFF49 /* Release */,
			);
			defaultConfigurationIsVisible = 0;
			defaultConfigurationName = Release;
		};
		86A1D76E193E4E1B00DEFF49 /* Build configuration list for PBXNativeTarget "LGSwift" */ = {
			isa = XCConfigurationList;
			buildConfigurations = (
				86A1D76F193E4E1B00DEFF49 /* Debug */,
				86A1D770193E4E1B00DEFF49 /* Release */,
			);
			defaultConfigurationIsVisible = 0;
		};
		86A1D771193E4E1B00DEFF49 /* Build configuration list for PBXNativeTarget "LGSwiftTests" */ = {
			isa = XCConfigurationList;
			buildConfigurations = (
				86A1D772193E4E1B00DEFF49 /* Debug */,
				86A1D773193E4E1B00DEFF49 /* Release */,
			);
			defaultConfigurationIsVisible = 0;
		};
/* End XCConfigurationList section */

/* Begin XCVersionGroup section */
		86A1D75B193E4E1B00DEFF49 /* LGSwift.xcdatamodeld */ = {
			isa = XCVersionGroup;
			children = (
				86A1D75C193E4E1B00DEFF49 /* LGSwift.xcdatamodel */,
			);
			currentVersion = 86A1D75C193E4E1B00DEFF49 /* LGSwift.xcdatamodel */;
			path = LGSwift.xcdatamodeld;
			sourceTree = "<group>";
			versionGroupType = wrapper.xcdatamodel;
		};
/* End XCVersionGroup section */
	};
	rootObject = 86A1D74C193E4E1B00DEFF49 /* Project object */;
}
